
Microsoft Visual Studio Solution File, Format Version 12.00
# Visual Studio Version 17
VisualStudioVersion = 17.3.32929.385
MinimumVisualStudioVersion = 10.0.40219.1
Project("{8BC9CEB8-8B4A-11D0-8D11-00A0C91BC942}") = "MyCPPTest", "MyCPPTest\MyCPPTest.vcxproj", "{5A05B2BB-F40F-418C-A4D2-F4E1C9B747D3}"
EndProject
Global
	GlobalSection(SolutionConfigurationPlatforms) = preSolution
		Debug|x64 = Debug|x64
		Debug|x86 = Debug|x86
		Release|x64 = Release|x64
		Release|x86 = Release|x86
	EndGlobalSection
	GlobalSection(ProjectConfigurationPlatforms) = postSolution
		{5A05B2BB-F40F-418C-A4D2-F4E1C9B747D3}.Debug|x64.ActiveCfg = Debug|x64
		{5A05B2BB-F40F-418C-A4D2-F4E1C9B747D3}.Debug|x64.Build.0 = Debug|x64
		{5A05B2BB-F40F-418C-A4D2-F4E1C9B747D3}.Debug|x86.ActiveCfg = Debug|Win32
		{5A05B2BB-F40F-418C-A4D2-F4E1C9B747D3}.Debug|x86.Build.0 = Debug|Win32
		{5A05B2BB-F40F-418C-A4D2-F4E1C9B747D3}.Release|x64.ActiveCfg = Release|x64
		{5A05B2BB-F40F-418C-A4D2-F4E1C9B747D3}.Release|x64.Build.0 = Release|x64
		{5A05B2BB-F40F-418C-A4D2-F4E1C9B747D3}.Release|x86.ActiveCfg = Release|Win32
		{5A05B2BB-F40F-418C-A4D2-F4E1C9B747D3}.Release|x86.Build.0 = Release|Win32
	EndGlobalSection
	GlobalSection(SolutionProperties) = preSolution
		HideSolutionNode = FALSE
	EndGlobalSection
	GlobalSection(ExtensibilityGlobals) = postSolution
		SolutionGuid = {C04F8487-01B9-4E8C-ABE9-27EB6CF91472}
	EndGlobalSection
EndGlobal
